{
  "name": "test-software",
  "version": "1.0.0",
  "lockfileVersion": 1,
  "requires": true,
  "dependencies": {
    "test-dependency": {
      "version": "git://github.com/jlantm/test-dependency.git#428b6b85b33854e8a9e453c2c13dbd20db62840c",
      "from": "git://github.com/jlantm/test-dependency.git",
      "requires": {
        "test-transitive-dependency": "git://github.com/jlantm/test-transitive-dependency.git"
      }
    },
    "test-transitive-dependency": {
      "version": "git://github.com/jlantm/test-transitive-dependency.git#712bde4d5c3e7021d56baedc2c4ba4f186f35099",
      "from": "git://github.com/jlantm/test-transitive-dependency.git"
    }
  }
}
